
Microsoft Visual Studio Solution File, Format Version 12.00
Project("{FAE04EC0-301F-11D3-BF4B-00C04F79EFBC}") = "SosoEcs.Tests", "SosoEcs.Tests\SosoEcs.Tests.csproj", "{FA60411B-E56E-4D64-8D72-6897ABCF409C}"
EndProject
Project("{FAE04EC0-301F-11D3-BF4B-00C04F79EFBC}") = "SosoEcs", "SosoEcs\SosoEcs.csproj", "{20FA7B51-C901-4564-864B-F642A45AFB27}"
EndProject
Project("{FAE04EC0-301F-11D3-BF4B-00C04F79EFBC}") = "SosoEcs.SourceGen", "SosoEcs.SourceGen\SosoEcs.SourceGen.csproj", "{1AED6210-513D-4259-BFA3-B0AB6C8AE915}"
EndProject
Global
	GlobalSection(SolutionConfigurationPlatforms) = preSolution
		Debug|Any CPU = Debug|Any CPU
		Release|Any CPU = Release|Any CPU
	EndGlobalSection
	GlobalSection(ProjectConfigurationPlatforms) = postSolution
		{FA60411B-E56E-4D64-8D72-6897ABCF409C}.Debug|Any CPU.ActiveCfg = Debug|Any CPU
		{FA60411B-E56E-4D64-8D72-6897ABCF409C}.Debug|Any CPU.Build.0 = Debug|Any CPU
		{FA60411B-E56E-4D64-8D72-6897ABCF409C}.Release|Any CPU.ActiveCfg = Release|Any CPU
		{FA60411B-E56E-4D64-8D72-6897ABCF409C}.Release|Any CPU.Build.0 = Release|Any CPU
		{20FA7B51-C901-4564-864B-F642A45AFB27}.Debug|Any CPU.ActiveCfg = Debug|Any CPU
		{20FA7B51-C901-4564-864B-F642A45AFB27}.Debug|Any CPU.Build.0 = Debug|Any CPU
		{20FA7B51-C901-4564-864B-F642A45AFB27}.Release|Any CPU.ActiveCfg = Release|Any CPU
		{20FA7B51-C901-4564-864B-F642A45AFB27}.Release|Any CPU.Build.0 = Release|Any CPU
		{1AED6210-513D-4259-BFA3-B0AB6C8AE915}.Debug|Any CPU.ActiveCfg = Debug|Any CPU
		{1AED6210-513D-4259-BFA3-B0AB6C8AE915}.Debug|Any CPU.Build.0 = Debug|Any CPU
		{1AED6210-513D-4259-BFA3-B0AB6C8AE915}.Release|Any CPU.ActiveCfg = Release|Any CPU
		{1AED6210-513D-4259-BFA3-B0AB6C8AE915}.Release|Any CPU.Build.0 = Release|Any CPU
	EndGlobalSection
EndGlobal
